
Microsoft Visual Studio Solution File, Format Version 12.00
# Visual Studio 15
VisualStudioVersion = 15.0.26430.14
MinimumVisualStudioVersion = 10.0.40219.1
Project("{FAE04EC0-301F-11D3-BF4B-00C04F79EFBC}") = "DroneLander.Android", "DroneLander\DroneLander.Android\DroneLander.Android.csproj", "{35ABC40F-BDAD-454F-BF58-623A16455F0E}"
EndProject
Project("{FAE04EC0-301F-11D3-BF4B-00C04F79EFBC}") = "DroneLander", "DroneLander\DroneLander\DroneLander.csproj", "{552AA320-F138-4917-B5F5-3EF07932B040}"
EndProject
Project("{FAE04EC0-301F-11D3-BF4B-00C04F79EFBC}") = "DroneLander.UWP", "DroneLander\DroneLander.UWP\DroneLander.UWP.csproj", "{91975449-823A-4718-905F-7F4B45E54E3A}"
EndProject
Project("{FAE04EC0-301F-11D3-BF4B-00C04F79EFBC}") = "DroneLander.iOS", "DroneLander\DroneLander.iOS\DroneLander.iOS.csproj", "{C232D888-C931-4C0C-899D-1FC0C1B16E55}"
EndProject
Global
	GlobalSection(SolutionConfigurationPlatforms) = preSolution
		Ad-Hoc|Any CPU = Ad-Hoc|Any CPU
		Ad-Hoc|ARM = Ad-Hoc|ARM
		Ad-Hoc|iPhone = Ad-Hoc|iPhone
		Ad-Hoc|iPhoneSimulator = Ad-Hoc|iPhoneSimulator
		Ad-Hoc|x64 = Ad-Hoc|x64
		Ad-Hoc|x86 = Ad-Hoc|x86
		AppStore|Any CPU = AppStore|Any CPU
		AppStore|ARM = AppStore|ARM
		AppStore|iPhone = AppStore|iPhone
		AppStore|iPhoneSimulator = AppStore|iPhoneSimulator
		AppStore|x64 = AppStore|x64
		AppStore|x86 = AppStore|x86
		Debug|Any CPU = Debug|Any CPU
		Debug|ARM = Debug|ARM
		Debug|iPhone = Debug|iPhone
		Debug|iPhoneSimulator = Debug|iPhoneSimulator
		Debug|x64 = Debug|x64
		Debug|x86 = Debug|x86
		Release|Any CPU = Release|Any CPU
		Release|ARM = Release|ARM
		Release|iPhone = Release|iPhone
		Release|iPhoneSimulator = Release|iPhoneSimulator
		Release|x64 = Release|x64
		Release|x86 = Release|x86
	EndGlobalSection
	GlobalSection(ProjectConfigurationPlatforms) = postSolution
		{35ABC40F-BDAD-454F-BF58-623A16455F0E}.Ad-Hoc|Any CPU.ActiveCfg = Release|Any CPU
		{35ABC40F-BDAD-454F-BF58-623A16455F0E}.Ad-Hoc|Any CPU.Build.0 = Release|Any CPU
		{35ABC40F-BDAD-454F-BF58-623A16455F0E}.Ad-Hoc|Any CPU.Deploy.0 = Release|Any CPU
		{35ABC40F-BDAD-454F-BF58-623A16455F0E}.Ad-Hoc|ARM.ActiveCfg = Release|Any CPU
		{35ABC40F-BDAD-454F-BF58-623A16455F0E}.Ad-Hoc|ARM.Build.0 = Release|Any CPU
		{35ABC40F-BDAD-454F-BF58-623A16455F0E}.Ad-Hoc|ARM.Deploy.0 = Release|Any CPU
		{35ABC40F-BDAD-454F-BF58-623A16455F0E}.Ad-Hoc|iPhone.ActiveCfg = Release|Any CPU
		{35ABC40F-BDAD-454F-BF58-623A16455F0E}.Ad-Hoc|iPhone.Build.0 = Release|Any CPU
		{35ABC40F-BDAD-454F-BF58-623A16455F0E}.Ad-Hoc|iPhone.Deploy.0 = Release|Any CPU
		{35ABC40F-BDAD-454F-BF58-623A16455F0E}.Ad-Hoc|iPhoneSimulator.ActiveCfg = Release|Any CPU
		{35ABC40F-BDAD-454F-BF58-623A16455F0E}.Ad-Hoc|iPhoneSimulator.Build.0 = Release|Any CPU
		{35ABC40F-BDAD-454F-BF58-623A16455F0E}.Ad-Hoc|iPhoneSimulator.Deploy.0 = Release|Any CPU
		{35ABC40F-BDAD-454F-BF58-623A16455F0E}.Ad-Hoc|x64.ActiveCfg = Release|Any CPU
		{35ABC40F-BDAD-454F-BF58-623A16455F0E}.Ad-Hoc|x64.Build.0 = Release|Any CPU
		{35ABC40F-BDAD-454F-BF58-623A16455F0E}.Ad-Hoc|x64.Deploy.0 = Release|Any CPU
		{35ABC40F-BDAD-454F-BF58-623A16455F0E}.Ad-Hoc|x86.ActiveCfg = Release|Any CPU
		{35ABC40F-BDAD-454F-BF58-623A16455F0E}.Ad-Hoc|x86.Build.0 = Release|Any CPU
		{35ABC40F-BDAD-454F-BF58-623A16455F0E}.Ad-Hoc|x86.Deploy.0 = Release|Any CPU
		{35ABC40F-BDAD-454F-BF58-623A16455F0E}.AppStore|Any CPU.ActiveCfg = Release|Any CPU
		{35ABC40F-BDAD-454F-BF58-623A16455F0E}.AppStore|Any CPU.Build.0 = Release|Any CPU
		{35ABC40F-BDAD-454F-BF58-623A16455F0E}.AppStore|Any CPU.Deploy.0 = Release|Any CPU
		{35ABC40F-BDAD-454F-BF58-623A16455F0E}.AppStore|ARM.ActiveCfg = Release|Any CPU
		{35ABC40F-BDAD-454F-BF58-623A16455F0E}.AppStore|ARM.Build.0 = Release|Any CPU
		{35ABC40F-BDAD-454F-BF58-623A16455F0E}.AppStore|ARM.Deploy.0 = Release|Any CPU
		{35ABC40F-BDAD-454F-BF58-623A16455F0E}.AppStore|iPhone.ActiveCfg = Release|Any CPU
		{35ABC40F-BDAD-454F-BF58-623A16455F0E}.AppStore|iPhone.Build.0 = Release|Any CPU
		{35ABC40F-BDAD-454F-BF58-623A16455F0E}.AppStore|iPhone.Deploy.0 = Release|Any CPU
		{35ABC40F-BDAD-454F-BF58-623A16455F0E}.AppStore|iPhoneSimulator.ActiveCfg = Release|Any CPU
		{35ABC40F-BDAD-454F-BF58-623A16455F0E}.AppStore|iPhoneSimulator.Build.0 = Release|Any CPU
		{35ABC40F-BDAD-454F-BF58-623A16455F0E}.AppStore|iPhoneSimulator.Deploy.0 = Release|Any CPU
		{35ABC40F-BDAD-454F-BF58-623A16455F0E}.AppStore|x64.ActiveCfg = Release|Any CPU
		{35ABC40F-BDAD-454F-BF58-623A16455F0E}.AppStore|x64.Build.0 = Release|Any CPU
		{35ABC40F-BDAD-454F-BF58-623A16455F0E}.AppStore|x64.Deploy.0 = Release|Any CPU
		{35ABC40F-BDAD-454F-BF58-623A16455F0E}.AppStore|x86.ActiveCfg = Release|Any CPU
		{35ABC40F-BDAD-454F-BF58-623A16455F0E}.AppStore|x86.Build.0 = Release|Any CPU
		{35ABC40F-BDAD-454F-BF58-623A16455F0E}.AppStore|x86.Deploy.0 = Release|Any CPU
		{35ABC40F-BDAD-454F-BF58-623A16455F0E}.Debug|Any CPU.ActiveCfg = Debug|Any CPU
		{35ABC40F-BDAD-454F-BF58-623A16455F0E}.Debug|Any CPU.Build.0 = Debug|Any CPU
		{35ABC40F-BDAD-454F-BF58-623A16455F0E}.Debug|Any CPU.Deploy.0 = Debug|Any CPU
		{35ABC40F-BDAD-454F-BF58-623A16455F0E}.Debug|ARM.ActiveCfg = Debug|Any CPU
		{35ABC40F-BDAD-454F-BF58-623A16455F0E}.Debug|ARM.Build.0 = Debug|Any CPU
		{35ABC40F-BDAD-454F-BF58-623A16455F0E}.Debug|ARM.Deploy.0 = Debug|Any CPU
		{35ABC40F-BDAD-454F-BF58-623A16455F0E}.Debug|iPhone.ActiveCfg = Debug|Any CPU
		{35ABC40F-BDAD-454F-BF58-623A16455F0E}.Debug|iPhone.Build.0 = Debug|Any CPU
		{35ABC40F-BDAD-454F-BF58-623A16455F0E}.Debug|iPhone.Deploy.0 = Debug|Any CPU
		{35ABC40F-BDAD-454F-BF58-623A16455F0E}.Debug|iPhoneSimulator.ActiveCfg = Debug|Any CPU
		{35ABC40F-BDAD-454F-BF58-623A16455F0E}.Debug|iPhoneSimulator.Build.0 = Debug|Any CPU
		{35ABC40F-BDAD-454F-BF58-623A16455F0E}.Debug|iPhoneSimulator.Deploy.0 = Debug|Any CPU
		{35ABC40F-BDAD-454F-BF58-623A16455F0E}.Debug|x64.ActiveCfg = Debug|Any CPU
		{35ABC40F-BDAD-454F-BF58-623A16455F0E}.Debug|x64.Build.0 = Debug|Any CPU
		{35ABC40F-BDAD-454F-BF58-623A16455F0E}.Debug|x64.Deploy.0 = Debug|Any CPU
		{35ABC40F-BDAD-454F-BF58-623A16455F0E}.Debug|x86.ActiveCfg = Debug|Any CPU
		{35ABC40F-BDAD-454F-BF58-623A16455F0E}.Debug|x86.Build.0 = Debug|Any CPU
		{35ABC40F-BDAD-454F-BF58-623A16455F0E}.Debug|x86.Deploy.0 = Debug|Any CPU
		{35ABC40F-BDAD-454F-BF58-623A16455F0E}.Release|Any CPU.ActiveCfg = Release|Any CPU
		{35ABC40F-BDAD-454F-BF58-623A16455F0E}.Release|Any CPU.Build.0 = Release|Any CPU
		{35ABC40F-BDAD-454F-BF58-623A16455F0E}.Release|Any CPU.Deploy.0 = Release|Any CPU
		{35ABC40F-BDAD-454F-BF58-623A16455F0E}.Release|ARM.ActiveCfg = Release|Any CPU
		{35ABC40F-BDAD-454F-BF58-623A16455F0E}.Release|ARM.Build.0 = Release|Any CPU
		{35ABC40F-BDAD-454F-BF58-623A16455F0E}.Release|ARM.Deploy.0 = Release|Any CPU
		{35ABC40F-BDAD-454F-BF58-623A16455F0E}.Release|iPhone.ActiveCfg = Release|Any CPU
		{35ABC40F-BDAD-454F-BF58-623A16455F0E}.Release|iPhone.Build.0 = Release|Any CPU
		{35ABC40F-BDAD-454F-BF58-623A16455F0E}.Release|iPhone.Deploy.0 = Release|Any CPU
		{35ABC40F-BDAD-454F-BF58-623A16455F0E}.Release|iPhoneSimulator.ActiveCfg = Release|Any CPU
		{35ABC40F-BDAD-454F-BF58-623A16455F0E}.Release|iPhoneSimulator.Build.0 = Release|Any CPU
		{35ABC40F-BDAD-454F-BF58-623A16455F0E}.Release|iPhoneSimulator.Deploy.0 = Release|Any CPU
		{35ABC40F-BDAD-454F-BF58-623A16455F0E}.Release|x64.ActiveCfg = Release|Any CPU
		{35ABC40F-BDAD-454F-BF58-623A16455F0E}.Release|x64.Build.0 = Release|Any CPU
		{35ABC40F-BDAD-454F-BF58-623A16455F0E}.Release|x64.Deploy.0 = Release|Any CPU
		{35ABC40F-BDAD-454F-BF58-623A16455F0E}.Release|x86.ActiveCfg = Release|Any CPU
		{35ABC40F-BDAD-454F-BF58-623A16455F0E}.Release|x86.Build.0 = Release|Any CPU
		{35ABC40F-BDAD-454F-BF58-623A16455F0E}.Release|x86.Deploy.0 = Release|Any CPU
		{552AA320-F138-4917-B5F5-3EF07932B040}.Ad-Hoc|Any CPU.ActiveCfg = Release|Any CPU
		{552AA320-F138-4917-B5F5-3EF07932B040}.Ad-Hoc|Any CPU.Build.0 = Release|Any CPU
		{552AA320-F138-4917-B5F5-3EF07932B040}.Ad-Hoc|ARM.ActiveCfg = Release|Any CPU
		{552AA320-F138-4917-B5F5-3EF07932B040}.Ad-Hoc|ARM.Build.0 = Release|Any CPU
		{552AA320-F138-4917-B5F5-3EF07932B040}.Ad-Hoc|iPhone.ActiveCfg = Release|Any CPU
		{552AA320-F138-4917-B5F5-3EF07932B040}.Ad-Hoc|iPhone.Build.0 = Release|Any CPU
		{552AA320-F138-4917-B5F5-3EF07932B040}.Ad-Hoc|iPhoneSimulator.ActiveCfg = Release|Any CPU
		{552AA320-F138-4917-B5F5-3EF07932B040}.Ad-Hoc|iPhoneSimulator.Build.0 = Release|Any CPU
		{552AA320-F138-4917-B5F5-3EF07932B040}.Ad-Hoc|x64.ActiveCfg = Release|Any CPU
		{552AA320-F138-4917-B5F5-3EF07932B040}.Ad-Hoc|x64.Build.0 = Release|Any CPU
		{552AA320-F138-4917-B5F5-3EF07932B040}.Ad-Hoc|x86.ActiveCfg = Release|Any CPU
		{552AA320-F138-4917-B5F5-3EF07932B040}.Ad-Hoc|x86.Build.0 = Release|Any CPU
		{552AA320-F138-4917-B5F5-3EF07932B040}.AppStore|Any CPU.ActiveCfg = Release|Any CPU
		{552AA320-F138-4917-B5F5-3EF07932B040}.AppStore|Any CPU.Build.0 = Release|Any CPU
		{552AA320-F138-4917-B5F5-3EF07932B040}.AppStore|ARM.ActiveCfg = Release|Any CPU
		{552AA320-F138-4917-B5F5-3EF07932B040}.AppStore|ARM.Build.0 = Release|Any CPU
		{552AA320-F138-4917-B5F5-3EF07932B040}.AppStore|iPhone.ActiveCfg = Release|Any CPU
		{552AA320-F138-4917-B5F5-3EF07932B040}.AppStore|iPhone.Build.0 = Release|Any CPU
		{552AA320-F138-4917-B5F5-3EF07932B040}.AppStore|iPhoneSimulator.ActiveCfg = Release|Any CPU
		{552AA320-F138-4917-B5F5-3EF07932B040}.AppStore|iPhoneSimulator.Build.0 = Release|Any CPU
		{552AA320-F138-4917-B5F5-3EF07932B040}.AppStore|x64.ActiveCfg = Release|Any CPU
		{552AA320-F138-4917-B5F5-3EF07932B040}.AppStore|x64.Build.0 = Release|Any CPU
		{552AA320-F138-4917-B5F5-3EF07932B040}.AppStore|x86.ActiveCfg = Release|Any CPU
		{552AA320-F138-4917-B5F5-3EF07932B040}.AppStore|x86.Build.0 = Release|Any CPU
		{552AA320-F138-4917-B5F5-3EF07932B040}.Debug|Any CPU.ActiveCfg = Debug|Any CPU
		{552AA320-F138-4917-B5F5-3EF07932B040}.Debug|Any CPU.Build.0 = Debug|Any CPU
		{552AA320-F138-4917-B5F5-3EF07932B040}.Debug|ARM.ActiveCfg = Debug|Any CPU
		{552AA320-F138-4917-B5F5-3EF07932B040}.Debug|ARM.Build.0 = Debug|Any CPU
		{552AA320-F138-4917-B5F5-3EF07932B040}.Debug|iPhone.ActiveCfg = Debug|Any CPU
		{552AA320-F138-4917-B5F5-3EF07932B040}.Debug|iPhone.Build.0 = Debug|Any CPU
		{552AA320-F138-4917-B5F5-3EF07932B040}.Debug|iPhoneSimulator.ActiveCfg = Debug|Any CPU
		{552AA320-F138-4917-B5F5-3EF07932B040}.Debug|iPhoneSimulator.Build.0 = Debug|Any CPU
		{552AA320-F138-4917-B5F5-3EF07932B040}.Debug|x64.ActiveCfg = Debug|Any CPU
		{552AA320-F138-4917-B5F5-3EF07932B040}.Debug|x64.Build.0 = Debug|Any CPU
		{552AA320-F138-4917-B5F5-3EF07932B040}.Debug|x86.ActiveCfg = Debug|Any CPU
		{552AA320-F138-4917-B5F5-3EF07932B040}.Debug|x86.Build.0 = Debug|Any CPU
		{552AA320-F138-4917-B5F5-3EF07932B040}.Release|Any CPU.ActiveCfg = Release|Any CPU
		{552AA320-F138-4917-B5F5-3EF07932B040}.Release|Any CPU.Build.0 = Release|Any CPU
		{552AA320-F138-4917-B5F5-3EF07932B040}.Release|ARM.ActiveCfg = Release|Any CPU
		{552AA320-F138-4917-B5F5-3EF07932B040}.Release|ARM.Build.0 = Release|Any CPU
		{552AA320-F138-4917-B5F5-3EF07932B040}.Release|iPhone.ActiveCfg = Release|Any CPU
		{552AA320-F138-4917-B5F5-3EF07932B040}.Release|iPhone.Build.0 = Release|Any CPU
		{552AA320-F138-4917-B5F5-3EF07932B040}.Release|iPhoneSimulator.ActiveCfg = Release|Any CPU
		{552AA320-F138-4917-B5F5-3EF07932B040}.Release|iPhoneSimulator.Build.0 = Release|Any CPU
		{552AA320-F138-4917-B5F5-3EF07932B040}.Release|x64.ActiveCfg = Release|Any CPU
		{552AA320-F138-4917-B5F5-3EF07932B040}.Release|x64.Build.0 = Release|Any CPU
		{552AA320-F138-4917-B5F5-3EF07932B040}.Release|x86.ActiveCfg = Release|Any CPU
		{552AA320-F138-4917-B5F5-3EF07932B040}.Release|x86.Build.0 = Release|Any CPU
		{91975449-823A-4718-905F-7F4B45E54E3A}.Ad-Hoc|Any CPU.ActiveCfg = Release|x86
		{91975449-823A-4718-905F-7F4B45E54E3A}.Ad-Hoc|Any CPU.Build.0 = Release|x86
		{91975449-823A-4718-905F-7F4B45E54E3A}.Ad-Hoc|Any CPU.Deploy.0 = Release|x86
		{91975449-823A-4718-905F-7F4B45E54E3A}.Ad-Hoc|ARM.ActiveCfg = Release|ARM
		{91975449-823A-4718-905F-7F4B45E54E3A}.Ad-Hoc|ARM.Build.0 = Release|ARM
		{91975449-823A-4718-905F-7F4B45E54E3A}.Ad-Hoc|ARM.Deploy.0 = Release|ARM
		{91975449-823A-4718-905F-7F4B45E54E3A}.Ad-Hoc|iPhone.ActiveCfg = Release|x86
		{91975449-823A-4718-905F-7F4B45E54E3A}.Ad-Hoc|iPhone.Build.0 = Release|x86
		{91975449-823A-4718-905F-7F4B45E54E3A}.Ad-Hoc|iPhone.Deploy.0 = Release|x86
		{91975449-823A-4718-905F-7F4B45E54E3A}.Ad-Hoc|iPhoneSimulator.ActiveCfg = Release|x86
		{91975449-823A-4718-905F-7F4B45E54E3A}.Ad-Hoc|iPhoneSimulator.Build.0 = Release|x86
		{91975449-823A-4718-905F-7F4B45E54E3A}.Ad-Hoc|iPhoneSimulator.Deploy.0 = Release|x86
		{91975449-823A-4718-905F-7F4B45E54E3A}.Ad-Hoc|x64.ActiveCfg = Release|x64
		{91975449-823A-4718-905F-7F4B45E54E3A}.Ad-Hoc|x64.Build.0 = Release|x64
		{91975449-823A-4718-905F-7F4B45E54E3A}.Ad-Hoc|x64.Deploy.0 = Release|x64
		{91975449-823A-4718-905F-7F4B45E54E3A}.Ad-Hoc|x86.ActiveCfg = Release|x86
		{91975449-823A-4718-905F-7F4B45E54E3A}.Ad-Hoc|x86.Build.0 = Release|x86
		{91975449-823A-4718-905F-7F4B45E54E3A}.Ad-Hoc|x86.Deploy.0 = Release|x86
		{91975449-823A-4718-905F-7F4B45E54E3A}.AppStore|Any CPU.ActiveCfg = Release|x86
		{91975449-823A-4718-905F-7F4B45E54E3A}.AppStore|Any CPU.Build.0 = Release|x86
		{91975449-823A-4718-905F-7F4B45E54E3A}.AppStore|Any CPU.Deploy.0 = Release|x86
		{91975449-823A-4718-905F-7F4B45E54E3A}.AppStore|ARM.ActiveCfg = Release|ARM
		{91975449-823A-4718-905F-7F4B45E54E3A}.AppStore|ARM.Build.0 = Release|ARM
		{91975449-823A-4718-905F-7F4B45E54E3A}.AppStore|ARM.Deploy.0 = Release|ARM
		{91975449-823A-4718-905F-7F4B45E54E3A}.AppStore|iPhone.ActiveCfg = Release|x86
		{91975449-823A-4718-905F-7F4B45E54E3A}.AppStore|iPhone.Build.0 = Release|x86
		{91975449-823A-4718-905F-7F4B45E54E3A}.AppStore|iPhone.Deploy.0 = Release|x86
		{91975449-823A-4718-905F-7F4B45E54E3A}.AppStore|iPhoneSimulator.ActiveCfg = Release|x86
		{91975449-823A-4718-905F-7F4B45E54E3A}.AppStore|iPhoneSimulator.Build.0 = Release|x86
		{91975449-823A-4718-905F-7F4B45E54E3A}.AppStore|iPhoneSimulator.Deploy.0 = Release|x86
		{91975449-823A-4718-905F-7F4B45E54E3A}.AppStore|x64.ActiveCfg = Release|x64
		{91975449-823A-4718-905F-7F4B45E54E3A}.AppStore|x64.Build.0 = Release|x64
		{91975449-823A-4718-905F-7F4B45E54E3A}.AppStore|x64.Deploy.0 = Release|x64
		{91975449-823A-4718-905F-7F4B45E54E3A}.AppStore|x86.ActiveCfg = Release|x86
		{91975449-823A-4718-905F-7F4B45E54E3A}.AppStore|x86.Build.0 = Release|x86
		{91975449-823A-4718-905F-7F4B45E54E3A}.AppStore|x86.Deploy.0 = Release|x86
		{91975449-823A-4718-905F-7F4B45E54E3A}.Debug|Any CPU.ActiveCfg = Debug|x86
		{91975449-823A-4718-905F-7F4B45E54E3A}.Debug|Any CPU.Build.0 = Debug|x86
		{91975449-823A-4718-905F-7F4B45E54E3A}.Debug|Any CPU.Deploy.0 = Debug|x86
		{91975449-823A-4718-905F-7F4B45E54E3A}.Debug|ARM.ActiveCfg = Debug|ARM
		{91975449-823A-4718-905F-7F4B45E54E3A}.Debug|ARM.Build.0 = Debug|ARM
		{91975449-823A-4718-905F-7F4B45E54E3A}.Debug|ARM.Deploy.0 = Debug|ARM
		{91975449-823A-4718-905F-7F4B45E54E3A}.Debug|iPhone.ActiveCfg = Debug|x86
		{91975449-823A-4718-905F-7F4B45E54E3A}.Debug|iPhoneSimulator.ActiveCfg = Debug|x86
		{91975449-823A-4718-905F-7F4B45E54E3A}.Debug|x64.ActiveCfg = Debug|x64
		{91975449-823A-4718-905F-7F4B45E54E3A}.Debug|x64.Build.0 = Debug|x64
		{91975449-823A-4718-905F-7F4B45E54E3A}.Debug|x64.Deploy.0 = Debug|x64
		{91975449-823A-4718-905F-7F4B45E54E3A}.Debug|x86.ActiveCfg = Debug|x86
		{91975449-823A-4718-905F-7F4B45E54E3A}.Debug|x86.Build.0 = Debug|x86
		{91975449-823A-4718-905F-7F4B45E54E3A}.Debug|x86.Deploy.0 = Debug|x86
		{91975449-823A-4718-905F-7F4B45E54E3A}.Release|Any CPU.ActiveCfg = Release|x86
		{91975449-823A-4718-905F-7F4B45E54E3A}.Release|ARM.ActiveCfg = Release|ARM
		{91975449-823A-4718-905F-7F4B45E54E3A}.Release|ARM.Build.0 = Release|ARM
		{91975449-823A-4718-905F-7F4B45E54E3A}.Release|ARM.Deploy.0 = Release|ARM
		{91975449-823A-4718-905F-7F4B45E54E3A}.Release|iPhone.ActiveCfg = Release|x86
		{91975449-823A-4718-905F-7F4B45E54E3A}.Release|iPhoneSimulator.ActiveCfg = Release|x86
		{91975449-823A-4718-905F-7F4B45E54E3A}.Release|x64.ActiveCfg = Release|x64
		{91975449-823A-4718-905F-7F4B45E54E3A}.Release|x64.Build.0 = Release|x64
		{91975449-823A-4718-905F-7F4B45E54E3A}.Release|x64.Deploy.0 = Release|x64
		{91975449-823A-4718-905F-7F4B45E54E3A}.Release|x86.ActiveCfg = Release|x86
		{91975449-823A-4718-905F-7F4B45E54E3A}.Release|x86.Build.0 = Release|x86
		{91975449-823A-4718-905F-7F4B45E54E3A}.Release|x86.Deploy.0 = Release|x86
		{C232D888-C931-4C0C-899D-1FC0C1B16E55}.Ad-Hoc|Any CPU.ActiveCfg = Ad-Hoc|iPhone
		{C232D888-C931-4C0C-899D-1FC0C1B16E55}.Ad-Hoc|ARM.ActiveCfg = Ad-Hoc|iPhone
		{C232D888-C931-4C0C-899D-1FC0C1B16E55}.Ad-Hoc|iPhone.ActiveCfg = Ad-Hoc|iPhone
		{C232D888-C931-4C0C-899D-1FC0C1B16E55}.Ad-Hoc|iPhone.Build.0 = Ad-Hoc|iPhone
		{C232D888-C931-4C0C-899D-1FC0C1B16E55}.Ad-Hoc|iPhoneSimulator.ActiveCfg = Ad-Hoc|iPhoneSimulator
		{C232D888-C931-4C0C-899D-1FC0C1B16E55}.Ad-Hoc|iPhoneSimulator.Build.0 = Ad-Hoc|iPhoneSimulator
		{C232D888-C931-4C0C-899D-1FC0C1B16E55}.Ad-Hoc|x64.ActiveCfg = Ad-Hoc|iPhone
		{C232D888-C931-4C0C-899D-1FC0C1B16E55}.Ad-Hoc|x86.ActiveCfg = Ad-Hoc|iPhone
		{C232D888-C931-4C0C-899D-1FC0C1B16E55}.AppStore|Any CPU.ActiveCfg = AppStore|iPhone
		{C232D888-C931-4C0C-899D-1FC0C1B16E55}.AppStore|ARM.ActiveCfg = AppStore|iPhone
		{C232D888-C931-4C0C-899D-1FC0C1B16E55}.AppStore|iPhone.ActiveCfg = AppStore|iPhone
		{C232D888-C931-4C0C-899D-1FC0C1B16E55}.AppStore|iPhone.Build.0 = AppStore|iPhone
		{C232D888-C931-4C0C-899D-1FC0C1B16E55}.AppStore|iPhoneSimulator.ActiveCfg = AppStore|iPhoneSimulator
		{C232D888-C931-4C0C-899D-1FC0C1B16E55}.AppStore|iPhoneSimulator.Build.0 = AppStore|iPhoneSimulator
		{C232D888-C931-4C0C-899D-1FC0C1B16E55}.AppStore|x64.ActiveCfg = AppStore|iPhone
		{C232D888-C931-4C0C-899D-1FC0C1B16E55}.AppStore|x86.ActiveCfg = AppStore|iPhone
		{C232D888-C931-4C0C-899D-1FC0C1B16E55}.Debug|Any CPU.ActiveCfg = Debug|iPhone
		{C232D888-C931-4C0C-899D-1FC0C1B16E55}.Debug|ARM.ActiveCfg = Debug|iPhone
		{C232D888-C931-4C0C-899D-1FC0C1B16E55}.Debug|iPhone.ActiveCfg = Debug|iPhone
		{C232D888-C931-4C0C-899D-1FC0C1B16E55}.Debug|iPhone.Build.0 = Debug|iPhone
		{C232D888-C931-4C0C-899D-1FC0C1B16E55}.Debug|iPhoneSimulator.ActiveCfg = Debug|iPhoneSimulator
		{C232D888-C931-4C0C-899D-1FC0C1B16E55}.Debug|iPhoneSimulator.Build.0 = Debug|iPhoneSimulator
		{C232D888-C931-4C0C-899D-1FC0C1B16E55}.Debug|x64.ActiveCfg = Debug|iPhone
		{C232D888-C931-4C0C-899D-1FC0C1B16E55}.Debug|x86.ActiveCfg = Debug|iPhone
		{C232D888-C931-4C0C-899D-1FC0C1B16E55}.Release|Any CPU.ActiveCfg = Release|iPhone
		{C232D888-C931-4C0C-899D-1FC0C1B16E55}.Release|ARM.ActiveCfg = Release|iPhone
		{C232D888-C931-4C0C-899D-1FC0C1B16E55}.Release|iPhone.ActiveCfg = Release|iPhone
		{C232D888-C931-4C0C-899D-1FC0C1B16E55}.Release|iPhone.Build.0 = Release|iPhone
		{C232D888-C931-4C0C-899D-1FC0C1B16E55}.Release|iPhoneSimulator.ActiveCfg = Release|iPhoneSimulator
		{C232D888-C931-4C0C-899D-1FC0C1B16E55}.Release|iPhoneSimulator.Build.0 = Release|iPhoneSimulator
		{C232D888-C931-4C0C-899D-1FC0C1B16E55}.Release|x64.ActiveCfg = Release|iPhone
		{C232D888-C931-4C0C-899D-1FC0C1B16E55}.Release|x86.ActiveCfg = Release|iPhone
	EndGlobalSection
	GlobalSection(SolutionProperties) = preSolution
		HideSolutionNode = FALSE
	EndGlobalSection
EndGlobal
